{
  "version": 4,
  "terraform_version": "1.2.6",
  "serial": 100,
  "lineage": "5b4982b4-609d-2d12-23dd-00b9bd485fa9",
  "outputs": {},
  "resources": [
    {
      "mode": "data",
      "type": "vsphere_datastore",
      "name": "main-datastore",
      "provider": "provider[\"registry.terraform.io/hashicorp/vsphere\"]",
      "instances": [
        {
          "schema_version": 0,
          "attributes": {
            "datacenter_id": "datacenter-129",
            "id": "datastore-150",
            "name": "main-datastore"
          },
          "sensitive_attributes": []
        }
      ]
    },
    {
      "mode": "data",
      "type": "vsphere_network",
      "name": "vm-network",
      "provider": "provider[\"registry.terraform.io/hashicorp/vsphere\"]",
      "instances": [
        {
          "schema_version": 0,
          "attributes": {
            "datacenter_id": "datacenter-129",
            "distributed_virtual_switch_uuid": null,
            "id": "network-152",
            "name": "VLAN3513",
            "type": "Network"
          },
          "sensitive_attributes": []
        }
      ]
    },
    {
      "mode": "managed",
      "type": "vsphere_datacenter",
      "name": "azin-sphere-dc",
      "provider": "provider[\"registry.terraform.io/hashicorp/vsphere\"]",
      "instances": [
        {
          "schema_version": 0,
          "attributes": {
            "custom_attributes": {},
            "folder": null,
            "id": "azin-sphere-dc",
            "moid": "datacenter-129",
            "name": "azin-sphere-dc",
            "tags": []
          },
          "sensitive_attributes": [],
          "private": "bnVsbA=="
        }
      ]
    }
  ]
}
