{
  "version": 4,
  "terraform_version": "1.2.6",
  "serial": 112,
  "lineage": "5b4982b4-609d-2d12-23dd-00b9bd485fa9",
  "outputs": {},
  "resources": [
    {
      "mode": "managed",
      "type": "vsphere_datacenter",
      "name": "azin-sphere-dc",
      "provider": "provider[\"registry.terraform.io/hashicorp/vsphere\"]",
      "instances": [
        {
          "schema_version": 0,
          "attributes": {
            "custom_attributes": {},
            "folder": null,
            "id": "azin-sphere-dc",
            "moid": "datacenter-164",
            "name": "azin-sphere-dc",
            "tags": []
          },
          "sensitive_attributes": [],
          "private": "bnVsbA=="
        }
      ]
    }
  ]
}
