{
  "version": 4,
  "terraform_version": "1.2.6",
  "serial": 111,
  "lineage": "5b4982b4-609d-2d12-23dd-00b9bd485fa9",
  "outputs": {},
  "resources": [
    {
      "mode": "managed",
      "type": "vsphere_datacenter",
      "name": "azin-sphere-dc",
      "provider": "provider[\"registry.terraform.io/hashicorp/vsphere\"]",
      "instances": [
        {
          "schema_version": 0,
          "attributes": {
            "custom_attributes": {},
            "folder": null,
            "id": "azin-sphere-dc",
            "moid": "datacenter-164",
            "name": "azin-sphere-dc",
            "tags": []
          },
          "sensitive_attributes": [],
          "private": "bnVsbA=="
        }
      ]
    },
    {
      "mode": "managed",
      "type": "vsphere_host",
      "name": "esx-01",
      "provider": "provider[\"registry.terraform.io/hashicorp/vsphere\"]",
      "instances": [
        {
          "schema_version": 0,
          "attributes": {
            "cluster": "domain-c177",
            "cluster_managed": null,
            "connected": true,
            "custom_attributes": {},
            "datacenter": "datacenter-164",
            "force": false,
            "hostname": "10.180.10.21",
            "id": "host-172",
            "license": null,
            "lockdown": "disabled",
            "maintenance": false,
            "password": "!Q@W#E$R%T!!@@a",
            "tags": [],
            "thumbprint": null,
            "username": "root"
          },
          "sensitive_attributes": [],
          "private": "bnVsbA==",
          "dependencies": [
            "vsphere_datacenter.azin-sphere-dc"
          ]
        }
      ]
    }
  ]
}
